
Microsoft Visual Studio Solution File, Format Version 12.00
# Visual Studio Version 16
VisualStudioVersion = 16.0.29728.190
MinimumVisualStudioVersion = 10.0.40219.1
Project("{FAE04EC0-301F-11D3-BF4B-00C04F79EFBC}") = "DistributedChatRoom", "DistributedChatRoom\DistributedChatRoom.csproj", "{1C36F158-E637-4CB1-B638-242CAB189AA8}"
EndProject
Global
	GlobalSection(SolutionConfigurationPlatforms) = preSolution
		Debug|Any CPU = Debug|Any CPU
		Release|Any CPU = Release|Any CPU
	EndGlobalSection
	GlobalSection(ProjectConfigurationPlatforms) = postSolution
		{1C36F158-E637-4CB1-B638-242CAB189AA8}.Debug|Any CPU.ActiveCfg = Debug|Any CPU
		{1C36F158-E637-4CB1-B638-242CAB189AA8}.Debug|Any CPU.Build.0 = Debug|Any CPU
		{1C36F158-E637-4CB1-B638-242CAB189AA8}.Release|Any CPU.ActiveCfg = Release|Any CPU
		{1C36F158-E637-4CB1-B638-242CAB189AA8}.Release|Any CPU.Build.0 = Release|Any CPU
	EndGlobalSection
	GlobalSection(SolutionProperties) = preSolution
		HideSolutionNode = FALSE
	EndGlobalSection
	GlobalSection(ExtensibilityGlobals) = postSolution
		SolutionGuid = {CFD86AD8-4572-4473-A3C4-CDAD9FDD1C25}
	EndGlobalSection
EndGlobal
